// !$*UTF8*$!
{
	archiveVersion = 1;
	classes = {
	};
	objectVersion = 50;
	objects = {

/* Begin PBXBuildFile section */
		CD020D62247E158C00E1F1F9 /* AppDelegate.m in Sources */ = {isa = PBXBuildFile; fileRef = CD020D61247E158C00E1F1F9 /* AppDelegate.m */; };
		CD020D65247E158C00E1F1F9 /* SceneDelegate.m in Sources */ = {isa = PBXBuildFile; fileRef = CD020D64247E158C00E1F1F9 /* SceneDelegate.m */; };
		CD020D68247E158C00E1F1F9 /* ViewController.m in Sources */ = {isa = PBXBuildFile; fileRef = CD020D67247E158C00E1F1F9 /* ViewController.m */; };
		CD020D6B247E158C00E1F1F9 /* Main.storyboard in Resources */ = {isa = PBXBuildFile; fileRef = CD020D69247E158C00E1F1F9 /* Main.storyboard */; };
		CD020D70247E158E00E1F1F9 /* LaunchScreen.storyboard in Resources */ = {isa = PBXBuildFile; fileRef = CD020D6E247E158E00E1F1F9 /* LaunchScreen.storyboard */; };
		CD020D73247E158E00E1F1F9 /* main.m in Sources */ = {isa = PBXBuildFile; fileRef = CD020D72247E158E00E1F1F9 /* main.m */; };
		CD020D7F247E58F200E1F1F9 /* PasteboardViewController.m in Sources */ = {isa = PBXBuildFile; fileRef = CD020D7D247E58F200E1F1F9 /* PasteboardViewController.m */; };
		CD020D80247E58F200E1F1F9 /* PasteboardViewController.xib in Resources */ = {isa = PBXBuildFile; fileRef = CD020D7E247E58F200E1F1F9 /* PasteboardViewController.xib */; };
		CD020D83247E5EBD00E1F1F9 /* ModuleInfo.m in Sources */ = {isa = PBXBuildFile; fileRef = CD020D82247E5EBD00E1F1F9 /* ModuleInfo.m */; };
		CD020D87247E5FCB00E1F1F9 /* StorageViewController.m in Sources */ = {isa = PBXBuildFile; fileRef = CD020D85247E5FCB00E1F1F9 /* StorageViewController.m */; };
		CD020D88247E5FCB00E1F1F9 /* StorageViewController.xib in Resources */ = {isa = PBXBuildFile; fileRef = CD020D86247E5FCB00E1F1F9 /* StorageViewController.xib */; };
		CD156828248D002D00A5E65F /* PageIndicatorViewController.m in Sources */ = {isa = PBXBuildFile; fileRef = CD156826248D002D00A5E65F /* PageIndicatorViewController.m */; };
		CD156829248D002D00A5E65F /* PageIndicatorViewController.xib in Resources */ = {isa = PBXBuildFile; fileRef = CD156827248D002D00A5E65F /* PageIndicatorViewController.xib */; };
		CD1568B4248F781B00A5E65F /* Assets.xcassets in Resources */ = {isa = PBXBuildFile; fileRef = CD020D6C247E158E00E1F1F9 /* Assets.xcassets */; };
		CD6477F32480F0DD00C0F120 /* DeviceViewController.m in Sources */ = {isa = PBXBuildFile; fileRef = CD6477F12480F0DD00C0F120 /* DeviceViewController.m */; };
		CD6477F42480F0DD00C0F120 /* DeviceViewController.xib in Resources */ = {isa = PBXBuildFile; fileRef = CD6477F22480F0DD00C0F120 /* DeviceViewController.xib */; };
		CDFC2C30248D49DB00FA12ED /* GPageIndicator.m in Sources */ = {isa = PBXBuildFile; fileRef = CDFC2C2F248D49DB00FA12ED /* GPageIndicator.m */; };
/* End PBXBuildFile section */

/* Begin PBXFileReference section */
		CD020D5D247E158C00E1F1F9 /* aura.app */ = {isa = PBXFileReference; explicitFileType = wrapper.application; includeInIndex = 0; path = aura.app; sourceTree = BUILT_PRODUCTS_DIR; };
		CD020D60247E158C00E1F1F9 /* AppDelegate.h */ = {isa = PBXFileReference; lastKnownFileType = sourcecode.c.h; path = AppDelegate.h; sourceTree = "<group>"; };
		CD020D61247E158C00E1F1F9 /* AppDelegate.m */ = {isa = PBXFileReference; lastKnownFileType = sourcecode.c.objc; path = AppDelegate.m; sourceTree = "<group>"; };
		CD020D63247E158C00E1F1F9 /* SceneDelegate.h */ = {isa = PBXFileReference; lastKnownFileType = sourcecode.c.h; path = SceneDelegate.h; sourceTree = "<group>"; };
		CD020D64247E158C00E1F1F9 /* SceneDelegate.m */ = {isa = PBXFileReference; lastKnownFileType = sourcecode.c.objc; path = SceneDelegate.m; sourceTree = "<group>"; };
		CD020D66247E158C00E1F1F9 /* ViewController.h */ = {isa = PBXFileReference; lastKnownFileType = sourcecode.c.h; path = ViewController.h; sourceTree = "<group>"; };
		CD020D67247E158C00E1F1F9 /* ViewController.m */ = {isa = PBXFileReference; lastKnownFileType = sourcecode.c.objc; path = ViewController.m; sourceTree = "<group>"; };
		CD020D6A247E158C00E1F1F9 /* Base */ = {isa = PBXFileReference; lastKnownFileType = file.storyboard; name = Base; path = Base.lproj/Main.storyboard; sourceTree = "<group>"; };
		CD020D6C247E158E00E1F1F9 /* Assets.xcassets */ = {isa = PBXFileReference; lastKnownFileType = folder.assetcatalog; path = Assets.xcassets; sourceTree = "<group>"; };
		CD020D6F247E158E00E1F1F9 /* Base */ = {isa = PBXFileReference; lastKnownFileType = file.storyboard; name = Base; path = Base.lproj/LaunchScreen.storyboard; sourceTree = "<group>"; };
		CD020D71247E158E00E1F1F9 /* Info.plist */ = {isa = PBXFileReference; lastKnownFileType = text.plist.xml; path = Info.plist; sourceTree = "<group>"; };
		CD020D72247E158E00E1F1F9 /* main.m */ = {isa = PBXFileReference; lastKnownFileType = sourcecode.c.objc; path = main.m; sourceTree = "<group>"; };
		CD020D7C247E58F200E1F1F9 /* PasteboardViewController.h */ = {isa = PBXFileReference; lastKnownFileType = sourcecode.c.h; path = PasteboardViewController.h; sourceTree = "<group>"; };
		CD020D7D247E58F200E1F1F9 /* PasteboardViewController.m */ = {isa = PBXFileReference; lastKnownFileType = sourcecode.c.objc; path = PasteboardViewController.m; sourceTree = "<group>"; };
		CD020D7E247E58F200E1F1F9 /* PasteboardViewController.xib */ = {isa = PBXFileReference; lastKnownFileType = file.xib; path = PasteboardViewController.xib; sourceTree = "<group>"; };
		CD020D81247E5EBD00E1F1F9 /* ModuleInfo.h */ = {isa = PBXFileReference; lastKnownFileType = sourcecode.c.h; path = ModuleInfo.h; sourceTree = "<group>"; };
		CD020D82247E5EBD00E1F1F9 /* ModuleInfo.m */ = {isa = PBXFileReference; lastKnownFileType = sourcecode.c.objc; path = ModuleInfo.m; sourceTree = "<group>"; };
		CD020D84247E5FCB00E1F1F9 /* StorageViewController.h */ = {isa = PBXFileReference; lastKnownFileType = sourcecode.c.h; path = StorageViewController.h; sourceTree = "<group>"; };
		CD020D85247E5FCB00E1F1F9 /* StorageViewController.m */ = {isa = PBXFileReference; lastKnownFileType = sourcecode.c.objc; path = StorageViewController.m; sourceTree = "<group>"; };
		CD020D86247E5FCB00E1F1F9 /* StorageViewController.xib */ = {isa = PBXFileReference; lastKnownFileType = file.xib; path = StorageViewController.xib; sourceTree = "<group>"; };
		CD156825248D002D00A5E65F /* PageIndicatorViewController.h */ = {isa = PBXFileReference; lastKnownFileType = sourcecode.c.h; path = PageIndicatorViewController.h; sourceTree = "<group>"; };
		CD156826248D002D00A5E65F /* PageIndicatorViewController.m */ = {isa = PBXFileReference; lastKnownFileType = sourcecode.c.objc; path = PageIndicatorViewController.m; sourceTree = "<group>"; };
		CD156827248D002D00A5E65F /* PageIndicatorViewController.xib */ = {isa = PBXFileReference; lastKnownFileType = file.xib; path = PageIndicatorViewController.xib; sourceTree = "<group>"; };
		CD6477F02480F0DD00C0F120 /* DeviceViewController.h */ = {isa = PBXFileReference; lastKnownFileType = sourcecode.c.h; path = DeviceViewController.h; sourceTree = "<group>"; };
		CD6477F12480F0DD00C0F120 /* DeviceViewController.m */ = {isa = PBXFileReference; lastKnownFileType = sourcecode.c.objc; path = DeviceViewController.m; sourceTree = "<group>"; };
		CD6477F22480F0DD00C0F120 /* DeviceViewController.xib */ = {isa = PBXFileReference; lastKnownFileType = file.xib; path = DeviceViewController.xib; sourceTree = "<group>"; };
		CDFC2C2E248D49DB00FA12ED /* GPageIndicator.h */ = {isa = PBXFileReference; lastKnownFileType = sourcecode.c.h; path = GPageIndicator.h; sourceTree = "<group>"; };
		CDFC2C2F248D49DB00FA12ED /* GPageIndicator.m */ = {isa = PBXFileReference; lastKnownFileType = sourcecode.c.objc; path = GPageIndicator.m; sourceTree = "<group>"; };
/* End PBXFileReference section */

/* Begin PBXFrameworksBuildPhase section */
		CD020D5A247E158C00E1F1F9 /* Frameworks */ = {
			isa = PBXFrameworksBuildPhase;
			buildActionMask = 2147483647;
			files = (
			);
			runOnlyForDeploymentPostprocessing = 0;
		};
/* End PBXFrameworksBuildPhase section */

/* Begin PBXGroup section */
		CD020D54247E158C00E1F1F9 = {
			isa = PBXGroup;
			children = (
				CD020D5F247E158C00E1F1F9 /* aura */,
				CD020D5E247E158C00E1F1F9 /* Products */,
			);
			sourceTree = "<group>";
		};
		CD020D5E247E158C00E1F1F9 /* Products */ = {
			isa = PBXGroup;
			children = (
				CD020D5D247E158C00E1F1F9 /* aura.app */,
			);
			name = Products;
			sourceTree = "<group>";
		};
		CD020D5F247E158C00E1F1F9 /* aura */ = {
			isa = PBXGroup;
			children = (
				CD020D79247E583300E1F1F9 /* Module */,
				CD020D60247E158C00E1F1F9 /* AppDelegate.h */,
				CD020D61247E158C00E1F1F9 /* AppDelegate.m */,
				CD020D63247E158C00E1F1F9 /* SceneDelegate.h */,
				CD020D64247E158C00E1F1F9 /* SceneDelegate.m */,
				CD020D66247E158C00E1F1F9 /* ViewController.h */,
				CD020D67247E158C00E1F1F9 /* ViewController.m */,
				CD020D69247E158C00E1F1F9 /* Main.storyboard */,
				CD020D6C247E158E00E1F1F9 /* Assets.xcassets */,
				CD020D6E247E158E00E1F1F9 /* LaunchScreen.storyboard */,
				CD020D71247E158E00E1F1F9 /* Info.plist */,
				CD020D72247E158E00E1F1F9 /* main.m */,
			);
			path = aura;
			sourceTree = "<group>";
		};
		CD020D79247E583300E1F1F9 /* Module */ = {
			isa = PBXGroup;
			children = (
				CD156824248CFEDE00A5E65F /* PageIndicator */,
				CD6477EF2480F09800C0F120 /* Device */,
				CD020D7B247E587200E1F1F9 /* Pasteboard */,
				CD020D7A247E585E00E1F1F9 /* Storage */,
				CD020D81247E5EBD00E1F1F9 /* ModuleInfo.h */,
				CD020D82247E5EBD00E1F1F9 /* ModuleInfo.m */,
			);
			path = Module;
			sourceTree = "<group>";
		};
		CD020D7A247E585E00E1F1F9 /* Storage */ = {
			isa = PBXGroup;
			children = (
				CD020D84247E5FCB00E1F1F9 /* StorageViewController.h */,
				CD020D85247E5FCB00E1F1F9 /* StorageViewController.m */,
				CD020D86247E5FCB00E1F1F9 /* StorageViewController.xib */,
			);
			path = Storage;
			sourceTree = "<group>";
		};
		CD020D7B247E587200E1F1F9 /* Pasteboard */ = {
			isa = PBXGroup;
			children = (
				CD020D7C247E58F200E1F1F9 /* PasteboardViewController.h */,
				CD020D7D247E58F200E1F1F9 /* PasteboardViewController.m */,
				CD020D7E247E58F200E1F1F9 /* PasteboardViewController.xib */,
			);
			path = Pasteboard;
			sourceTree = "<group>";
		};
		CD156824248CFEDE00A5E65F /* PageIndicator */ = {
			isa = PBXGroup;
			children = (
				CDFC2C2D248D494500FA12ED /* UI */,
				CD156825248D002D00A5E65F /* PageIndicatorViewController.h */,
				CD156826248D002D00A5E65F /* PageIndicatorViewController.m */,
				CD156827248D002D00A5E65F /* PageIndicatorViewController.xib */,
			);
			path = PageIndicator;
			sourceTree = "<group>";
		};
		CD6477EF2480F09800C0F120 /* Device */ = {
			isa = PBXGroup;
			children = (
				CD6477F02480F0DD00C0F120 /* DeviceViewController.h */,
				CD6477F12480F0DD00C0F120 /* DeviceViewController.m */,
				CD6477F22480F0DD00C0F120 /* DeviceViewController.xib */,
			);
			path = Device;
			sourceTree = "<group>";
		};
		CDFC2C2D248D494500FA12ED /* UI */ = {
			isa = PBXGroup;
			children = (
				CDFC2C2E248D49DB00FA12ED /* GPageIndicator.h */,
				CDFC2C2F248D49DB00FA12ED /* GPageIndicator.m */,
			);
			path = UI;
			sourceTree = "<group>";
		};
/* End PBXGroup section */

/* Begin PBXNativeTarget section */
		CD020D5C247E158C00E1F1F9 /* aura */ = {
			isa = PBXNativeTarget;
			buildConfigurationList = CD020D76247E158E00E1F1F9 /* Build configuration list for PBXNativeTarget "aura" */;
			buildPhases = (
				CD020D59247E158C00E1F1F9 /* Sources */,
				CD020D5A247E158C00E1F1F9 /* Frameworks */,
				CD020D5B247E158C00E1F1F9 /* Resources */,
			);
			buildRules = (
			);
			dependencies = (
			);
			name = aura;
			productName = aura;
			productReference = CD020D5D247E158C00E1F1F9 /* aura.app */;
			productType = "com.apple.product-type.application";
		};
/* End PBXNativeTarget section */

/* Begin PBXProject section */
		CD020D55247E158C00E1F1F9 /* Project object */ = {
			isa = PBXProject;
			attributes = {
				LastUpgradeCheck = 1140;
				ORGANIZATIONNAME = Grumoon;
				TargetAttributes = {
					CD020D5C247E158C00E1F1F9 = {
						CreatedOnToolsVersion = 11.4.1;
					};
				};
			};
			buildConfigurationList = CD020D58247E158C00E1F1F9 /* Build configuration list for PBXProject "aura" */;
			compatibilityVersion = "Xcode 9.3";
			developmentRegion = en;
			hasScannedForEncodings = 0;
			knownRegions = (
				en,
				Base,
			);
			mainGroup = CD020D54247E158C00E1F1F9;
			productRefGroup = CD020D5E247E158C00E1F1F9 /* Products */;
			projectDirPath = "";
			projectRoot = "";
			targets = (
				CD020D5C247E158C00E1F1F9 /* aura */,
			);
		};
/* End PBXProject section */

/* Begin PBXResourcesBuildPhase section */
		CD020D5B247E158C00E1F1F9 /* Resources */ = {
			isa = PBXResourcesBuildPhase;
			buildActionMask = 2147483647;
			files = (
				CD6477F42480F0DD00C0F120 /* DeviceViewController.xib in Resources */,
				CD156829248D002D00A5E65F /* PageIndicatorViewController.xib in Resources */,
				CD020D70247E158E00E1F1F9 /* LaunchScreen.storyboard in Resources */,
				CD020D80247E58F200E1F1F9 /* PasteboardViewController.xib in Resources */,
				CD1568B4248F781B00A5E65F /* Assets.xcassets in Resources */,
				CD020D6B247E158C00E1F1F9 /* Main.storyboard in Resources */,
				CD020D88247E5FCB00E1F1F9 /* StorageViewController.xib in Resources */,
			);
			runOnlyForDeploymentPostprocessing = 0;
		};
/* End PBXResourcesBuildPhase section */

/* Begin PBXSourcesBuildPhase section */
		CD020D59247E158C00E1F1F9 /* Sources */ = {
			isa = PBXSourcesBuildPhase;
			buildActionMask = 2147483647;
			files = (
				CDFC2C30248D49DB00FA12ED /* GPageIndicator.m in Sources */,
				CD6477F32480F0DD00C0F120 /* DeviceViewController.m in Sources */,
				CD020D68247E158C00E1F1F9 /* ViewController.m in Sources */,
				CD020D62247E158C00E1F1F9 /* AppDelegate.m in Sources */,
				CD020D87247E5FCB00E1F1F9 /* StorageViewController.m in Sources */,
				CD020D73247E158E00E1F1F9 /* main.m in Sources */,
				CD156828248D002D00A5E65F /* PageIndicatorViewController.m in Sources */,
				CD020D7F247E58F200E1F1F9 /* PasteboardViewController.m in Sources */,
				CD020D65247E158C00E1F1F9 /* SceneDelegate.m in Sources */,
				CD020D83247E5EBD00E1F1F9 /* ModuleInfo.m in Sources */,
			);
			runOnlyForDeploymentPostprocessing = 0;
		};
/* End PBXSourcesBuildPhase section */

/* Begin PBXVariantGroup section */
		CD020D69247E158C00E1F1F9 /* Main.storyboard */ = {
			isa = PBXVariantGroup;
			children = (
				CD020D6A247E158C00E1F1F9 /* Base */,
			);
			name = Main.storyboard;
			sourceTree = "<group>";
		};
		CD020D6E247E158E00E1F1F9 /* LaunchScreen.storyboard */ = {
			isa = PBXVariantGroup;
			children = (
				CD020D6F247E158E00E1F1F9 /* Base */,
			);
			name = LaunchScreen.storyboard;
			sourceTree = "<group>";
		};
/* End PBXVariantGroup section */

/* Begin XCBuildConfiguration section */
		CD020D74247E158E00E1F1F9 /* Debug */ = {
			isa = XCBuildConfiguration;
			buildSettings = {
				ALWAYS_SEARCH_USER_PATHS = NO;
				CLANG_ANALYZER_NONNULL = YES;
				CLANG_ANALYZER_NUMBER_OBJECT_CONVERSION = YES_AGGRESSIVE;
				CLANG_CXX_LANGUAGE_STANDARD = "gnu++14";
				CLANG_CXX_LIBRARY = "libc++";
				CLANG_ENABLE_MODULES = YES;
				CLANG_ENABLE_OBJC_ARC = YES;
				CLANG_ENABLE_OBJC_WEAK = YES;
				CLANG_WARN_BLOCK_CAPTURE_AUTORELEASING = YES;
				CLANG_WARN_BOOL_CONVERSION = YES;
				CLANG_WARN_COMMA = YES;
				CLANG_WARN_CONSTANT_CONVERSION = YES;
				CLANG_WARN_DEPRECATED_OBJC_IMPLEMENTATIONS = YES;
				CLANG_WARN_DIRECT_OBJC_ISA_USAGE = YES_ERROR;
				CLANG_WARN_DOCUMENTATION_COMMENTS = YES;
				CLANG_WARN_EMPTY_BODY = YES;
				CLANG_WARN_ENUM_CONVERSION = YES;
				CLANG_WARN_INFINITE_RECURSION = YES;
				CLANG_WARN_INT_CONVERSION = YES;
				CLANG_WARN_NON_LITERAL_NULL_CONVERSION = YES;
				CLANG_WARN_OBJC_IMPLICIT_RETAIN_SELF = YES;
				CLANG_WARN_OBJC_LITERAL_CONVERSION = YES;
				CLANG_WARN_OBJC_ROOT_CLASS = YES_ERROR;
				CLANG_WARN_RANGE_LOOP_ANALYSIS = YES;
				CLANG_WARN_STRICT_PROTOTYPES = YES;
				CLANG_WARN_SUSPICIOUS_MOVE = YES;
				CLANG_WARN_UNGUARDED_AVAILABILITY = YES_AGGRESSIVE;
				CLANG_WARN_UNREACHABLE_CODE = YES;
				CLANG_WARN__DUPLICATE_METHOD_MATCH = YES;
				COPY_PHASE_STRIP = NO;
				DEBUG_INFORMATION_FORMAT = dwarf;
				ENABLE_STRICT_OBJC_MSGSEND = YES;
				ENABLE_TESTABILITY = YES;
				GCC_C_LANGUAGE_STANDARD = gnu11;
				GCC_DYNAMIC_NO_PIC = NO;
				GCC_NO_COMMON_BLOCKS = YES;
				GCC_OPTIMIZATION_LEVEL = 0;
				GCC_PREPROCESSOR_DEFINITIONS = (
					"DEBUG=1",
					"$(inherited)",
				);
				GCC_WARN_64_TO_32_BIT_CONVERSION = YES;
				GCC_WARN_ABOUT_RETURN_TYPE = YES_ERROR;
				GCC_WARN_UNDECLARED_SELECTOR = YES;
				GCC_WARN_UNINITIALIZED_AUTOS = YES_AGGRESSIVE;
				GCC_WARN_UNUSED_FUNCTION = YES;
				GCC_WARN_UNUSED_VARIABLE = YES;
				IPHONEOS_DEPLOYMENT_TARGET = 13.4;
				MTL_ENABLE_DEBUG_INFO = INCLUDE_SOURCE;
				MTL_FAST_MATH = YES;
				ONLY_ACTIVE_ARCH = YES;
				SDKROOT = iphoneos;
			};
			name = Debug;
		};
		CD020D75247E158E00E1F1F9 /* Release */ = {
			isa = XCBuildConfiguration;
			buildSettings = {
				ALWAYS_SEARCH_USER_PATHS = NO;
				CLANG_ANALYZER_NONNULL = YES;
				CLANG_ANALYZER_NUMBER_OBJECT_CONVERSION = YES_AGGRESSIVE;
				CLANG_CXX_LANGUAGE_STANDARD = "gnu++14";
				CLANG_CXX_LIBRARY = "libc++";
				CLANG_ENABLE_MODULES = YES;
				CLANG_ENABLE_OBJC_ARC = YES;
				CLANG_ENABLE_OBJC_WEAK = YES;
				CLANG_WARN_BLOCK_CAPTURE_AUTORELEASING = YES;
				CLANG_WARN_BOOL_CONVERSION = YES;
				CLANG_WARN_COMMA = YES;
				CLANG_WARN_CONSTANT_CONVERSION = YES;
				CLANG_WARN_DEPRECATED_OBJC_IMPLEMENTATIONS = YES;
				CLANG_WARN_DIRECT_OBJC_ISA_USAGE = YES_ERROR;
				CLANG_WARN_DOCUMENTATION_COMMENTS = YES;
				CLANG_WARN_EMPTY_BODY = YES;
				CLANG_WARN_ENUM_CONVERSION = YES;
				CLANG_WARN_INFINITE_RECURSION = YES;
				CLANG_WARN_INT_CONVERSION = YES;
				CLANG_WARN_NON_LITERAL_NULL_CONVERSION = YES;
				CLANG_WARN_OBJC_IMPLICIT_RETAIN_SELF = YES;
				CLANG_WARN_OBJC_LITERAL_CONVERSION = YES;
				CLANG_WARN_OBJC_ROOT_CLASS = YES_ERROR;
				CLANG_WARN_RANGE_LOOP_ANALYSIS = YES;
				CLANG_WARN_STRICT_PROTOTYPES = YES;
				CLANG_WARN_SUSPICIOUS_MOVE = YES;
				CLANG_WARN_UNGUARDED_AVAILABILITY = YES_AGGRESSIVE;
				CLANG_WARN_UNREACHABLE_CODE = YES;
				CLANG_WARN__DUPLICATE_METHOD_MATCH = YES;
				COPY_PHASE_STRIP = NO;
				DEBUG_INFORMATION_FORMAT = "dwarf-with-dsym";
				ENABLE_NS_ASSERTIONS = NO;
				ENABLE_STRICT_OBJC_MSGSEND = YES;
				GCC_C_LANGUAGE_STANDARD = gnu11;
				GCC_NO_COMMON_BLOCKS = YES;
				GCC_WARN_64_TO_32_BIT_CONVERSION = YES;
				GCC_WARN_ABOUT_RETURN_TYPE = YES_ERROR;
				GCC_WARN_UNDECLARED_SELECTOR = YES;
				GCC_WARN_UNINITIALIZED_AUTOS = YES_AGGRESSIVE;
				GCC_WARN_UNUSED_FUNCTION = YES;
				GCC_WARN_UNUSED_VARIABLE = YES;
				IPHONEOS_DEPLOYMENT_TARGET = 13.4;
				MTL_ENABLE_DEBUG_INFO = NO;
				MTL_FAST_MATH = YES;
				SDKROOT = iphoneos;
				VALIDATE_PRODUCT = YES;
			};
			name = Release;
		};
		CD020D77247E158E00E1F1F9 /* Debug */ = {
			isa = XCBuildConfiguration;
			buildSettings = {
				ASSETCATALOG_COMPILER_APPICON_NAME = AppIcon;
				CODE_SIGN_STYLE = Automatic;
				DEVELOPMENT_TEAM = 7W5WN858W9;
				INFOPLIST_FILE = aura/Info.plist;
				IPHONEOS_DEPLOYMENT_TARGET = 13.2;
				LD_RUNPATH_SEARCH_PATHS = (
					"$(inherited)",
					"@executable_path/Frameworks",
				);
				PRODUCT_BUNDLE_IDENTIFIER = com.grumoon.aura;
				PRODUCT_NAME = "$(TARGET_NAME)";
				TARGETED_DEVICE_FAMILY = 1;
			};
			name = Debug;
		};
		CD020D78247E158E00E1F1F9 /* Release */ = {
			isa = XCBuildConfiguration;
			buildSettings = {
				ASSETCATALOG_COMPILER_APPICON_NAME = AppIcon;
				CODE_SIGN_STYLE = Automatic;
				DEVELOPMENT_TEAM = 7W5WN858W9;
				INFOPLIST_FILE = aura/Info.plist;
				IPHONEOS_DEPLOYMENT_TARGET = 13.2;
				LD_RUNPATH_SEARCH_PATHS = (
					"$(inherited)",
					"@executable_path/Frameworks",
				);
				PRODUCT_BUNDLE_IDENTIFIER = com.grumoon.aura;
				PRODUCT_NAME = "$(TARGET_NAME)";
				TARGETED_DEVICE_FAMILY = 1;
			};
			name = Release;
		};
/* End XCBuildConfiguration section */

/* Begin XCConfigurationList section */
		CD020D58247E158C00E1F1F9 /* Build configuration list for PBXProject "aura" */ = {
			isa = XCConfigurationList;
			buildConfigurations = (
				CD020D74247E158E00E1F1F9 /* Debug */,
				CD020D75247E158E00E1F1F9 /* Release */,
			);
			defaultConfigurationIsVisible = 0;
			defaultConfigurationName = Release;
		};
		CD020D76247E158E00E1F1F9 /* Build configuration list for PBXNativeTarget "aura" */ = {
			isa = XCConfigurationList;
			buildConfigurations = (
				CD020D77247E158E00E1F1F9 /* Debug */,
				CD020D78247E158E00E1F1F9 /* Release */,
			);
			defaultConfigurationIsVisible = 0;
			defaultConfigurationName = Release;
		};
/* End XCConfigurationList section */
	};
	rootObject = CD020D55247E158C00E1F1F9 /* Project object */;
}
